
Microsoft Visual Studio Solution File, Format Version 12.00
# Visual Studio Version 17
VisualStudioVersion = 17.0.31919.166
MinimumVisualStudioVersion = 10.0.40219.1
Project("{9A19103F-16F7-4668-BE54-9A1E7A4F7556}") = "aoc", "src\aoc.csproj", "{892AC52A-5FBB-4479-B36D-94BD17A13154}"
EndProject
Project("{9A19103F-16F7-4668-BE54-9A1E7A4F7556}") = "aoc-test", "test\aoc-test.csproj", "{5D5804D8-560D-42A1-B539-F9A9BF518D74}"
EndProject
Global
	GlobalSection(SolutionConfigurationPlatforms) = preSolution
		Debug|Any CPU = Debug|Any CPU
		Release|Any CPU = Release|Any CPU
	EndGlobalSection
	GlobalSection(ProjectConfigurationPlatforms) = postSolution
		{892AC52A-5FBB-4479-B36D-94BD17A13154}.Debug|Any CPU.ActiveCfg = Debug|Any CPU
		{892AC52A-5FBB-4479-B36D-94BD17A13154}.Debug|Any CPU.Build.0 = Debug|Any CPU
		{892AC52A-5FBB-4479-B36D-94BD17A13154}.Release|Any CPU.ActiveCfg = Release|Any CPU
		{892AC52A-5FBB-4479-B36D-94BD17A13154}.Release|Any CPU.Build.0 = Release|Any CPU
		{5D5804D8-560D-42A1-B539-F9A9BF518D74}.Debug|Any CPU.ActiveCfg = Debug|Any CPU
		{5D5804D8-560D-42A1-B539-F9A9BF518D74}.Debug|Any CPU.Build.0 = Debug|Any CPU
		{5D5804D8-560D-42A1-B539-F9A9BF518D74}.Release|Any CPU.ActiveCfg = Release|Any CPU
		{5D5804D8-560D-42A1-B539-F9A9BF518D74}.Release|Any CPU.Build.0 = Release|Any CPU
	EndGlobalSection
	GlobalSection(SolutionProperties) = preSolution
		HideSolutionNode = FALSE
	EndGlobalSection
	GlobalSection(ExtensibilityGlobals) = postSolution
		SolutionGuid = {99020422-19A9-45BB-B533-277EEDC52AAB}
	EndGlobalSection
EndGlobal
